
Microsoft Visual Studio Solution File, Format Version 12.00
# Visual Studio 15
VisualStudioVersion = 15.0.27428.2005
MinimumVisualStudioVersion = 10.0.40219.1
Project("{FAE04EC0-301F-11D3-BF4B-00C04F79EFBC}") = "ProjetoCEEM", "ProjetoCEEM\ProjetoCEEM.csproj", "{05C6E9BD-671E-4B70-A306-952AB221D28D}"
EndProject
Global
	GlobalSection(SolutionConfigurationPlatforms) = preSolution
		Debug|Any CPU = Debug|Any CPU
		Release|Any CPU = Release|Any CPU
	EndGlobalSection
	GlobalSection(ProjectConfigurationPlatforms) = postSolution
		{05C6E9BD-671E-4B70-A306-952AB221D28D}.Debug|Any CPU.ActiveCfg = Debug|Any CPU
		{05C6E9BD-671E-4B70-A306-952AB221D28D}.Debug|Any CPU.Build.0 = Debug|Any CPU
		{05C6E9BD-671E-4B70-A306-952AB221D28D}.Release|Any CPU.ActiveCfg = Release|Any CPU
		{05C6E9BD-671E-4B70-A306-952AB221D28D}.Release|Any CPU.Build.0 = Release|Any CPU
	EndGlobalSection
	GlobalSection(SolutionProperties) = preSolution
		HideSolutionNode = FALSE
	EndGlobalSection
	GlobalSection(ExtensibilityGlobals) = postSolution
		SolutionGuid = {2EE545EA-2564-40B3-8BD1-CEB83F6E0E1E}
	EndGlobalSection
EndGlobal
